// !$*UTF8*$!
{
	archiveVersion = 1;
	classes = {
	};
	objectVersion = 56;
	objects = {

/* Begin PBXBuildFile section */
		3C8CBA48298A24B9008AEB08 /* AppDelegate.swift in Sources */ = {isa = PBXBuildFile; fileRef = 3C8CBA47298A24B9008AEB08 /* AppDelegate.swift */; };
		3C8CBA4A298A24B9008AEB08 /* SceneDelegate.swift in Sources */ = {isa = PBXBuildFile; fileRef = 3C8CBA49298A24B9008AEB08 /* SceneDelegate.swift */; };
		3C8CBA4C298A24B9008AEB08 /* MoviesViewController.swift in Sources */ = {isa = PBXBuildFile; fileRef = 3C8CBA4B298A24B9008AEB08 /* MoviesViewController.swift */; };
		3C8CBA4F298A24B9008AEB08 /* Main.storyboard in Resources */ = {isa = PBXBuildFile; fileRef = 3C8CBA4D298A24B9008AEB08 /* Main.storyboard */; };
		3C8CBA51298A24B9008AEB08 /* Assets.xcassets in Resources */ = {isa = PBXBuildFile; fileRef = 3C8CBA50298A24B9008AEB08 /* Assets.xcassets */; };
		3C8CBA54298A24B9008AEB08 /* LaunchScreen.storyboard in Resources */ = {isa = PBXBuildFile; fileRef = 3C8CBA52298A24B9008AEB08 /* LaunchScreen.storyboard */; };
		3C8CBA5F298A24B9008AEB08 /* FlixsterTests.swift in Sources */ = {isa = PBXBuildFile; fileRef = 3C8CBA5E298A24B9008AEB08 /* FlixsterTests.swift */; };
		3C8CBA69298A24B9008AEB08 /* FlixsterUITests.swift in Sources */ = {isa = PBXBuildFile; fileRef = 3C8CBA68298A24B9008AEB08 /* FlixsterUITests.swift */; };
		3C8CBA6B298A24B9008AEB08 /* FlixsterUITestsLaunchTests.swift in Sources */ = {isa = PBXBuildFile; fileRef = 3C8CBA6A298A24B9008AEB08 /* FlixsterUITestsLaunchTests.swift */; };
		3C8CBA78298A269F008AEB08 /* DetailViewController.swift in Sources */ = {isa = PBXBuildFile; fileRef = 3C8CBA77298A269F008AEB08 /* DetailViewController.swift */; };
		3C8DEAD4298A45D6000DCEB6 /* MovieCell.swift in Sources */ = {isa = PBXBuildFile; fileRef = 3C8DEAD3298A45D6000DCEB6 /* MovieCell.swift */; };
		3C8DEAD6298B0AED000DCEB6 /* Movie.swift in Sources */ = {isa = PBXBuildFile; fileRef = 3C8DEAD5298B0AED000DCEB6 /* Movie.swift */; };
		3C8DEADC298B280C000DCEB6 /* Nuke in Frameworks */ = {isa = PBXBuildFile; productRef = 3C8DEADB298B280C000DCEB6 /* Nuke */; };
/* End PBXBuildFile section */

/* Begin PBXContainerItemProxy section */
		3C8CBA5B298A24B9008AEB08 /* PBXContainerItemProxy */ = {
			isa = PBXContainerItemProxy;
			containerPortal = 3C8CBA3C298A24B8008AEB08 /* Project object */;
			proxyType = 1;
			remoteGlobalIDString = 3C8CBA43298A24B9008AEB08;
			remoteInfo = Flixster;
		};
		3C8CBA65298A24B9008AEB08 /* PBXContainerItemProxy */ = {
			isa = PBXContainerItemProxy;
			containerPortal = 3C8CBA3C298A24B8008AEB08 /* Project object */;
			proxyType = 1;
			remoteGlobalIDString = 3C8CBA43298A24B9008AEB08;
			remoteInfo = Flixster;
		};
/* End PBXContainerItemProxy section */

/* Begin PBXFileReference section */
		3C8CBA44298A24B9008AEB08 /* Flixster.app */ = {isa = PBXFileReference; explicitFileType = wrapper.application; includeInIndex = 0; path = Flixster.app; sourceTree = BUILT_PRODUCTS_DIR; };
		3C8CBA47298A24B9008AEB08 /* AppDelegate.swift */ = {isa = PBXFileReference; lastKnownFileType = sourcecode.swift; path = AppDelegate.swift; sourceTree = "<group>"; };
		3C8CBA49298A24B9008AEB08 /* SceneDelegate.swift */ = {isa = PBXFileReference; lastKnownFileType = sourcecode.swift; path = SceneDelegate.swift; sourceTree = "<group>"; };
		3C8CBA4B298A24B9008AEB08 /* MoviesViewController.swift */ = {isa = PBXFileReference; lastKnownFileType = sourcecode.swift; path = MoviesViewController.swift; sourceTree = "<group>"; };
		3C8CBA4E298A24B9008AEB08 /* Base */ = {isa = PBXFileReference; lastKnownFileType = file.storyboard; name = Base; path = Base.lproj/Main.storyboard; sourceTree = "<group>"; };
		3C8CBA50298A24B9008AEB08 /* Assets.xcassets */ = {isa = PBXFileReference; lastKnownFileType = folder.assetcatalog; path = Assets.xcassets; sourceTree = "<group>"; };
		3C8CBA53298A24B9008AEB08 /* Base */ = {isa = PBXFileReference; lastKnownFileType = file.storyboard; name = Base; path = Base.lproj/LaunchScreen.storyboard; sourceTree = "<group>"; };
		3C8CBA55298A24B9008AEB08 /* Info.plist */ = {isa = PBXFileReference; lastKnownFileType = text.plist.xml; path = Info.plist; sourceTree = "<group>"; };
		3C8CBA5A298A24B9008AEB08 /* FlixsterTests.xctest */ = {isa = PBXFileReference; explicitFileType = wrapper.cfbundle; includeInIndex = 0; path = FlixsterTests.xctest; sourceTree = BUILT_PRODUCTS_DIR; };
		3C8CBA5E298A24B9008AEB08 /* FlixsterTests.swift */ = {isa = PBXFileReference; lastKnownFileType = sourcecode.swift; path = FlixsterTests.swift; sourceTree = "<group>"; };
		3C8CBA64298A24B9008AEB08 /* FlixsterUITests.xctest */ = {isa = PBXFileReference; explicitFileType = wrapper.cfbundle; includeInIndex = 0; path = FlixsterUITests.xctest; sourceTree = BUILT_PRODUCTS_DIR; };
		3C8CBA68298A24B9008AEB08 /* FlixsterUITests.swift */ = {isa = PBXFileReference; lastKnownFileType = sourcecode.swift; path = FlixsterUITests.swift; sourceTree = "<group>"; };
		3C8CBA6A298A24B9008AEB08 /* FlixsterUITestsLaunchTests.swift */ = {isa = PBXFileReference; lastKnownFileType = sourcecode.swift; path = FlixsterUITestsLaunchTests.swift; sourceTree = "<group>"; };
		3C8CBA77298A269F008AEB08 /* DetailViewController.swift */ = {isa = PBXFileReference; lastKnownFileType = sourcecode.swift; path = DetailViewController.swift; sourceTree = "<group>"; };
		3C8DEAD3298A45D6000DCEB6 /* MovieCell.swift */ = {isa = PBXFileReference; lastKnownFileType = sourcecode.swift; path = MovieCell.swift; sourceTree = "<group>"; };
		3C8DEAD5298B0AED000DCEB6 /* Movie.swift */ = {isa = PBXFileReference; lastKnownFileType = sourcecode.swift; path = Movie.swift; sourceTree = "<group>"; };
/* End PBXFileReference section */

/* Begin PBXFrameworksBuildPhase section */
		3C8CBA41298A24B9008AEB08 /* Frameworks */ = {
			isa = PBXFrameworksBuildPhase;
			buildActionMask = 2147483647;
			files = (
				3C8DEADC298B280C000DCEB6 /* Nuke in Frameworks */,
			);
			runOnlyForDeploymentPostprocessing = 0;
		};
		3C8CBA57298A24B9008AEB08 /* Frameworks */ = {
			isa = PBXFrameworksBuildPhase;
			buildActionMask = 2147483647;
			files = (
			);
			runOnlyForDeploymentPostprocessing = 0;
		};
		3C8CBA61298A24B9008AEB08 /* Frameworks */ = {
			isa = PBXFrameworksBuildPhase;
			buildActionMask = 2147483647;
			files = (
			);
			runOnlyForDeploymentPostprocessing = 0;
		};
/* End PBXFrameworksBuildPhase section */

/* Begin PBXGroup section */
		3C8CBA3B298A24B8008AEB08 = {
			isa = PBXGroup;
			children = (
				3C8CBA46298A24B9008AEB08 /* Flixster */,
				3C8CBA5D298A24B9008AEB08 /* FlixsterTests */,
				3C8CBA67298A24B9008AEB08 /* FlixsterUITests */,
				3C8CBA45298A24B9008AEB08 /* Products */,
			);
			sourceTree = "<group>";
		};
		3C8CBA45298A24B9008AEB08 /* Products */ = {
			isa = PBXGroup;
			children = (
				3C8CBA44298A24B9008AEB08 /* Flixster.app */,
				3C8CBA5A298A24B9008AEB08 /* FlixsterTests.xctest */,
				3C8CBA64298A24B9008AEB08 /* FlixsterUITests.xctest */,
			);
			name = Products;
			sourceTree = "<group>";
		};
		3C8CBA46298A24B9008AEB08 /* Flixster */ = {
			isa = PBXGroup;
			children = (
				3C8CBA47298A24B9008AEB08 /* AppDelegate.swift */,
				3C8CBA49298A24B9008AEB08 /* SceneDelegate.swift */,
				3C8CBA4B298A24B9008AEB08 /* MoviesViewController.swift */,
				3C8CBA77298A269F008AEB08 /* DetailViewController.swift */,
				3C8CBA4D298A24B9008AEB08 /* Main.storyboard */,
				3C8DEAD5298B0AED000DCEB6 /* Movie.swift */,
				3C8DEAD3298A45D6000DCEB6 /* MovieCell.swift */,
				3C8CBA50298A24B9008AEB08 /* Assets.xcassets */,
				3C8CBA52298A24B9008AEB08 /* LaunchScreen.storyboard */,
				3C8CBA55298A24B9008AEB08 /* Info.plist */,
			);
			path = Flixster;
			sourceTree = "<group>";
		};
		3C8CBA5D298A24B9008AEB08 /* FlixsterTests */ = {
			isa = PBXGroup;
			children = (
				3C8CBA5E298A24B9008AEB08 /* FlixsterTests.swift */,
			);
			path = FlixsterTests;
			sourceTree = "<group>";
		};
		3C8CBA67298A24B9008AEB08 /* FlixsterUITests */ = {
			isa = PBXGroup;
			children = (
				3C8CBA68298A24B9008AEB08 /* FlixsterUITests.swift */,
				3C8CBA6A298A24B9008AEB08 /* FlixsterUITestsLaunchTests.swift */,
			);
			path = FlixsterUITests;
			sourceTree = "<group>";
		};
/* End PBXGroup section */

/* Begin PBXNativeTarget section */
		3C8CBA43298A24B9008AEB08 /* Flixster */ = {
			isa = PBXNativeTarget;
			buildConfigurationList = 3C8CBA6E298A24B9008AEB08 /* Build configuration list for PBXNativeTarget "Flixster" */;
			buildPhases = (
				3C8CBA40298A24B9008AEB08 /* Sources */,
				3C8CBA41298A24B9008AEB08 /* Frameworks */,
				3C8CBA42298A24B9008AEB08 /* Resources */,
			);
			buildRules = (
			);
			dependencies = (
			);
			name = Flixster;
			packageProductDependencies = (
				3C8DEADB298B280C000DCEB6 /* Nuke */,
			);
			productName = Flixster;
			productReference = 3C8CBA44298A24B9008AEB08 /* Flixster.app */;
			productType = "com.apple.product-type.application";
		};
		3C8CBA59298A24B9008AEB08 /* FlixsterTests */ = {
			isa = PBXNativeTarget;
			buildConfigurationList = 3C8CBA71298A24B9008AEB08 /* Build configuration list for PBXNativeTarget "FlixsterTests" */;
			buildPhases = (
				3C8CBA56298A24B9008AEB08 /* Sources */,
				3C8CBA57298A24B9008AEB08 /* Frameworks */,
				3C8CBA58298A24B9008AEB08 /* Resources */,
			);
			buildRules = (
			);
			dependencies = (
				3C8CBA5C298A24B9008AEB08 /* PBXTargetDependency */,
			);
			name = FlixsterTests;
			productName = FlixsterTests;
			productReference = 3C8CBA5A298A24B9008AEB08 /* FlixsterTests.xctest */;
			productType = "com.apple.product-type.bundle.unit-test";
		};
		3C8CBA63298A24B9008AEB08 /* FlixsterUITests */ = {
			isa = PBXNativeTarget;
			buildConfigurationList = 3C8CBA74298A24B9008AEB08 /* Build configuration list for PBXNativeTarget "FlixsterUITests" */;
			buildPhases = (
				3C8CBA60298A24B9008AEB08 /* Sources */,
				3C8CBA61298A24B9008AEB08 /* Frameworks */,
				3C8CBA62298A24B9008AEB08 /* Resources */,
			);
			buildRules = (
			);
			dependencies = (
				3C8CBA66298A24B9008AEB08 /* PBXTargetDependency */,
			);
			name = FlixsterUITests;
			productName = FlixsterUITests;
			productReference = 3C8CBA64298A24B9008AEB08 /* FlixsterUITests.xctest */;
			productType = "com.apple.product-type.bundle.ui-testing";
		};
/* End PBXNativeTarget section */

/* Begin PBXProject section */
		3C8CBA3C298A24B8008AEB08 /* Project object */ = {
			isa = PBXProject;
			attributes = {
				BuildIndependentTargetsInParallel = 1;
				LastSwiftUpdateCheck = 1420;
				LastUpgradeCheck = 1420;
				TargetAttributes = {
					3C8CBA43298A24B9008AEB08 = {
						CreatedOnToolsVersion = 14.2;
					};
					3C8CBA59298A24B9008AEB08 = {
						CreatedOnToolsVersion = 14.2;
						TestTargetID = 3C8CBA43298A24B9008AEB08;
					};
					3C8CBA63298A24B9008AEB08 = {
						CreatedOnToolsVersion = 14.2;
						TestTargetID = 3C8CBA43298A24B9008AEB08;
					};
				};
			};
			buildConfigurationList = 3C8CBA3F298A24B8008AEB08 /* Build configuration list for PBXProject "Flixster" */;
			compatibilityVersion = "Xcode 14.0";
			developmentRegion = en;
			hasScannedForEncodings = 0;
			knownRegions = (
				en,
				Base,
			);
			mainGroup = 3C8CBA3B298A24B8008AEB08;
			packageReferences = (
				3C8DEADA298B280C000DCEB6 /* XCRemoteSwiftPackageReference "Nuke" */,
			);
			productRefGroup = 3C8CBA45298A24B9008AEB08 /* Products */;
			projectDirPath = "";
			projectRoot = "";
			targets = (
				3C8CBA43298A24B9008AEB08 /* Flixster */,
				3C8CBA59298A24B9008AEB08 /* FlixsterTests */,
				3C8CBA63298A24B9008AEB08 /* FlixsterUITests */,
			);
		};
/* End PBXProject section */

/* Begin PBXResourcesBuildPhase section */
		3C8CBA42298A24B9008AEB08 /* Resources */ = {
			isa = PBXResourcesBuildPhase;
			buildActionMask = 2147483647;
			files = (
				3C8CBA54298A24B9008AEB08 /* LaunchScreen.storyboard in Resources */,
				3C8CBA51298A24B9008AEB08 /* Assets.xcassets in Resources */,
				3C8CBA4F298A24B9008AEB08 /* Main.storyboard in Resources */,
			);
			runOnlyForDeploymentPostprocessing = 0;
		};
		3C8CBA58298A24B9008AEB08 /* Resources */ = {
			isa = PBXResourcesBuildPhase;
			buildActionMask = 2147483647;
			files = (
			);
			runOnlyForDeploymentPostprocessing = 0;
		};
		3C8CBA62298A24B9008AEB08 /* Resources */ = {
			isa = PBXResourcesBuildPhase;
			buildActionMask = 2147483647;
			files = (
			);
			runOnlyForDeploymentPostprocessing = 0;
		};
/* End PBXResourcesBuildPhase section */

/* Begin PBXSourcesBuildPhase section */
		3C8CBA40298A24B9008AEB08 /* Sources */ = {
			isa = PBXSourcesBuildPhase;
			buildActionMask = 2147483647;
			files = (
				3C8CBA4C298A24B9008AEB08 /* MoviesViewController.swift in Sources */,
				3C8CBA48298A24B9008AEB08 /* AppDelegate.swift in Sources */,
				3C8DEAD6298B0AED000DCEB6 /* Movie.swift in Sources */,
				3C8CBA4A298A24B9008AEB08 /* SceneDelegate.swift in Sources */,
				3C8DEAD4298A45D6000DCEB6 /* MovieCell.swift in Sources */,
				3C8CBA78298A269F008AEB08 /* DetailViewController.swift in Sources */,
			);
			runOnlyForDeploymentPostprocessing = 0;
		};
		3C8CBA56298A24B9008AEB08 /* Sources */ = {
			isa = PBXSourcesBuildPhase;
			buildActionMask = 2147483647;
			files = (
				3C8CBA5F298A24B9008AEB08 /* FlixsterTests.swift in Sources */,
			);
			runOnlyForDeploymentPostprocessing = 0;
		};
		3C8CBA60298A24B9008AEB08 /* Sources */ = {
			isa = PBXSourcesBuildPhase;
			buildActionMask = 2147483647;
			files = (
				3C8CBA6B298A24B9008AEB08 /* FlixsterUITestsLaunchTests.swift in Sources */,
				3C8CBA69298A24B9008AEB08 /* FlixsterUITests.swift in Sources */,
			);
			runOnlyForDeploymentPostprocessing = 0;
		};
/* End PBXSourcesBuildPhase section */

/* Begin PBXTargetDependency section */
		3C8CBA5C298A24B9008AEB08 /* PBXTargetDependency */ = {
			isa = PBXTargetDependency;
			target = 3C8CBA43298A24B9008AEB08 /* Flixster */;
			targetProxy = 3C8CBA5B298A24B9008AEB08 /* PBXContainerItemProxy */;
		};
		3C8CBA66298A24B9008AEB08 /* PBXTargetDependency */ = {
			isa = PBXTargetDependency;
			target = 3C8CBA43298A24B9008AEB08 /* Flixster */;
			targetProxy = 3C8CBA65298A24B9008AEB08 /* PBXContainerItemProxy */;
		};
/* End PBXTargetDependency section */

/* Begin PBXVariantGroup section */
		3C8CBA4D298A24B9008AEB08 /* Main.storyboard */ = {
			isa = PBXVariantGroup;
			children = (
				3C8CBA4E298A24B9008AEB08 /* Base */,
			);
			name = Main.storyboard;
			sourceTree = "<group>";
		};
		3C8CBA52298A24B9008AEB08 /* LaunchScreen.storyboard */ = {
			isa = PBXVariantGroup;
			children = (
				3C8CBA53298A24B9008AEB08 /* Base */,
			);
			name = LaunchScreen.storyboard;
			sourceTree = "<group>";
		};
/* End PBXVariantGroup section */

/* Begin XCBuildConfiguration section */
		3C8CBA6C298A24B9008AEB08 /* Debug */ = {
			isa = XCBuildConfiguration;
			buildSettings = {
				ALWAYS_SEARCH_USER_PATHS = NO;
				CLANG_ANALYZER_NONNULL = YES;
				CLANG_ANALYZER_NUMBER_OBJECT_CONVERSION = YES_AGGRESSIVE;
				CLANG_CXX_LANGUAGE_STANDARD = "gnu++20";
				CLANG_ENABLE_MODULES = YES;
				CLANG_ENABLE_OBJC_ARC = YES;
				CLANG_ENABLE_OBJC_WEAK = YES;
				CLANG_WARN_BLOCK_CAPTURE_AUTORELEASING = YES;
				CLANG_WARN_BOOL_CONVERSION = YES;
				CLANG_WARN_COMMA = YES;
				CLANG_WARN_CONSTANT_CONVERSION = YES;
				CLANG_WARN_DEPRECATED_OBJC_IMPLEMENTATIONS = YES;
				CLANG_WARN_DIRECT_OBJC_ISA_USAGE = YES_ERROR;
				CLANG_WARN_DOCUMENTATION_COMMENTS = YES;
				CLANG_WARN_EMPTY_BODY = YES;
				CLANG_WARN_ENUM_CONVERSION = YES;
				CLANG_WARN_INFINITE_RECURSION = YES;
				CLANG_WARN_INT_CONVERSION = YES;
				CLANG_WARN_NON_LITERAL_NULL_CONVERSION = YES;
				CLANG_WARN_OBJC_IMPLICIT_RETAIN_SELF = YES;
				CLANG_WARN_OBJC_LITERAL_CONVERSION = YES;
				CLANG_WARN_OBJC_ROOT_CLASS = YES_ERROR;
				CLANG_WARN_QUOTED_INCLUDE_IN_FRAMEWORK_HEADER = YES;
				CLANG_WARN_RANGE_LOOP_ANALYSIS = YES;
				CLANG_WARN_STRICT_PROTOTYPES = YES;
				CLANG_WARN_SUSPICIOUS_MOVE = YES;
				CLANG_WARN_UNGUARDED_AVAILABILITY = YES_AGGRESSIVE;
				CLANG_WARN_UNREACHABLE_CODE = YES;
				CLANG_WARN__DUPLICATE_METHOD_MATCH = YES;
				COPY_PHASE_STRIP = NO;
				DEBUG_INFORMATION_FORMAT = dwarf;
				ENABLE_STRICT_OBJC_MSGSEND = YES;
				ENABLE_TESTABILITY = YES;
				GCC_C_LANGUAGE_STANDARD = gnu11;
				GCC_DYNAMIC_NO_PIC = NO;
				GCC_NO_COMMON_BLOCKS = YES;
				GCC_OPTIMIZATION_LEVEL = 0;
				GCC_PREPROCESSOR_DEFINITIONS = (
					"DEBUG=1",
					"$(inherited)",
				);
				GCC_WARN_64_TO_32_BIT_CONVERSION = YES;
				GCC_WARN_ABOUT_RETURN_TYPE = YES_ERROR;
				GCC_WARN_UNDECLARED_SELECTOR = YES;
				GCC_WARN_UNINITIALIZED_AUTOS = YES_AGGRESSIVE;
				GCC_WARN_UNUSED_FUNCTION = YES;
				GCC_WARN_UNUSED_VARIABLE = YES;
				IPHONEOS_DEPLOYMENT_TARGET = 16.2;
				MTL_ENABLE_DEBUG_INFO = INCLUDE_SOURCE;
				MTL_FAST_MATH = YES;
				ONLY_ACTIVE_ARCH = YES;
				SDKROOT = iphoneos;
				SWIFT_ACTIVE_COMPILATION_CONDITIONS = DEBUG;
				SWIFT_OPTIMIZATION_LEVEL = "-Onone";
			};
			name = Debug;
		};
		3C8CBA6D298A24B9008AEB08 /* Release */ = {
			isa = XCBuildConfiguration;
			buildSettings = {
				ALWAYS_SEARCH_USER_PATHS = NO;
				CLANG_ANALYZER_NONNULL = YES;
				CLANG_ANALYZER_NUMBER_OBJECT_CONVERSION = YES_AGGRESSIVE;
				CLANG_CXX_LANGUAGE_STANDARD = "gnu++20";
				CLANG_ENABLE_MODULES = YES;
				CLANG_ENABLE_OBJC_ARC = YES;
				CLANG_ENABLE_OBJC_WEAK = YES;
				CLANG_WARN_BLOCK_CAPTURE_AUTORELEASING = YES;
				CLANG_WARN_BOOL_CONVERSION = YES;
				CLANG_WARN_COMMA = YES;
				CLANG_WARN_CONSTANT_CONVERSION = YES;
				CLANG_WARN_DEPRECATED_OBJC_IMPLEMENTATIONS = YES;
				CLANG_WARN_DIRECT_OBJC_ISA_USAGE = YES_ERROR;
				CLANG_WARN_DOCUMENTATION_COMMENTS = YES;
				CLANG_WARN_EMPTY_BODY = YES;
				CLANG_WARN_ENUM_CONVERSION = YES;
				CLANG_WARN_INFINITE_RECURSION = YES;
				CLANG_WARN_INT_CONVERSION = YES;
				CLANG_WARN_NON_LITERAL_NULL_CONVERSION = YES;
				CLANG_WARN_OBJC_IMPLICIT_RETAIN_SELF = YES;
				CLANG_WARN_OBJC_LITERAL_CONVERSION = YES;
				CLANG_WARN_OBJC_ROOT_CLASS = YES_ERROR;
				CLANG_WARN_QUOTED_INCLUDE_IN_FRAMEWORK_HEADER = YES;
				CLANG_WARN_RANGE_LOOP_ANALYSIS = YES;
				CLANG_WARN_STRICT_PROTOTYPES = YES;
				CLANG_WARN_SUSPICIOUS_MOVE = YES;
				CLANG_WARN_UNGUARDED_AVAILABILITY = YES_AGGRESSIVE;
				CLANG_WARN_UNREACHABLE_CODE = YES;
				CLANG_WARN__DUPLICATE_METHOD_MATCH = YES;
				COPY_PHASE_STRIP = NO;
				DEBUG_INFORMATION_FORMAT = "dwarf-with-dsym";
				ENABLE_NS_ASSERTIONS = NO;
				ENABLE_STRICT_OBJC_MSGSEND = YES;
				GCC_C_LANGUAGE_STANDARD = gnu11;
				GCC_NO_COMMON_BLOCKS = YES;
				GCC_WARN_64_TO_32_BIT_CONVERSION = YES;
				GCC_WARN_ABOUT_RETURN_TYPE = YES_ERROR;
				GCC_WARN_UNDECLARED_SELECTOR = YES;
				GCC_WARN_UNINITIALIZED_AUTOS = YES_AGGRESSIVE;
				GCC_WARN_UNUSED_FUNCTION = YES;
				GCC_WARN_UNUSED_VARIABLE = YES;
				IPHONEOS_DEPLOYMENT_TARGET = 16.2;
				MTL_ENABLE_DEBUG_INFO = NO;
				MTL_FAST_MATH = YES;
				SDKROOT = iphoneos;
				SWIFT_COMPILATION_MODE = wholemodule;
				SWIFT_OPTIMIZATION_LEVEL = "-O";
				VALIDATE_PRODUCT = YES;
			};
			name = Release;
		};
		3C8CBA6F298A24B9008AEB08 /* Debug */ = {
			isa = XCBuildConfiguration;
			buildSettings = {
				ASSETCATALOG_COMPILER_APPICON_NAME = AppIcon;
				ASSETCATALOG_COMPILER_GLOBAL_ACCENT_COLOR_NAME = AccentColor;
				CODE_SIGN_STYLE = Automatic;
				CURRENT_PROJECT_VERSION = 1;
				DEVELOPMENT_TEAM = D6UJZFKHN5;
				GENERATE_INFOPLIST_FILE = YES;
				INFOPLIST_FILE = Flixster/Info.plist;
				INFOPLIST_KEY_UIApplicationSupportsIndirectInputEvents = YES;
				INFOPLIST_KEY_UILaunchStoryboardName = LaunchScreen;
				INFOPLIST_KEY_UIMainStoryboardFile = Main;
				INFOPLIST_KEY_UISupportedInterfaceOrientations_iPad = "UIInterfaceOrientationPortrait UIInterfaceOrientationPortraitUpsideDown UIInterfaceOrientationLandscapeLeft UIInterfaceOrientationLandscapeRight";
				INFOPLIST_KEY_UISupportedInterfaceOrientations_iPhone = "UIInterfaceOrientationPortrait UIInterfaceOrientationLandscapeLeft UIInterfaceOrientationLandscapeRight";
				LD_RUNPATH_SEARCH_PATHS = (
					"$(inherited)",
					"@executable_path/Frameworks",
				);
				MARKETING_VERSION = 1.0;
				PRODUCT_BUNDLE_IDENTIFIER = Cadence.Flixster;
				PRODUCT_NAME = "$(TARGET_NAME)";
				SWIFT_EMIT_LOC_STRINGS = YES;
				SWIFT_VERSION = 5.0;
				TARGETED_DEVICE_FAMILY = "1,2";
			};
			name = Debug;
		};
		3C8CBA70298A24B9008AEB08 /* Release */ = {
			isa = XCBuildConfiguration;
			buildSettings = {
				ASSETCATALOG_COMPILER_APPICON_NAME = AppIcon;
				ASSETCATALOG_COMPILER_GLOBAL_ACCENT_COLOR_NAME = AccentColor;
				CODE_SIGN_STYLE = Automatic;
				CURRENT_PROJECT_VERSION = 1;
				DEVELOPMENT_TEAM = D6UJZFKHN5;
				GENERATE_INFOPLIST_FILE = YES;
				INFOPLIST_FILE = Flixster/Info.plist;
				INFOPLIST_KEY_UIApplicationSupportsIndirectInputEvents = YES;
				INFOPLIST_KEY_UILaunchStoryboardName = LaunchScreen;
				INFOPLIST_KEY_UIMainStoryboardFile = Main;
				INFOPLIST_KEY_UISupportedInterfaceOrientations_iPad = "UIInterfaceOrientationPortrait UIInterfaceOrientationPortraitUpsideDown UIInterfaceOrientationLandscapeLeft UIInterfaceOrientationLandscapeRight";
				INFOPLIST_KEY_UISupportedInterfaceOrientations_iPhone = "UIInterfaceOrientationPortrait UIInterfaceOrientationLandscapeLeft UIInterfaceOrientationLandscapeRight";
				LD_RUNPATH_SEARCH_PATHS = (
					"$(inherited)",
					"@executable_path/Frameworks",
				);
				MARKETING_VERSION = 1.0;
				PRODUCT_BUNDLE_IDENTIFIER = Cadence.Flixster;
				PRODUCT_NAME = "$(TARGET_NAME)";
				SWIFT_EMIT_LOC_STRINGS = YES;
				SWIFT_VERSION = 5.0;
				TARGETED_DEVICE_FAMILY = "1,2";
			};
			name = Release;
		};
		3C8CBA72298A24B9008AEB08 /* Debug */ = {
			isa = XCBuildConfiguration;
			buildSettings = {
				ALWAYS_EMBED_SWIFT_STANDARD_LIBRARIES = YES;
				BUNDLE_LOADER = "$(TEST_HOST)";
				CODE_SIGN_STYLE = Automatic;
				CURRENT_PROJECT_VERSION = 1;
				DEVELOPMENT_TEAM = D6UJZFKHN5;
				GENERATE_INFOPLIST_FILE = YES;
				IPHONEOS_DEPLOYMENT_TARGET = 16.2;
				MARKETING_VERSION = 1.0;
				PRODUCT_BUNDLE_IDENTIFIER = Cadence.FlixsterTests;
				PRODUCT_NAME = "$(TARGET_NAME)";
				SWIFT_EMIT_LOC_STRINGS = NO;
				SWIFT_VERSION = 5.0;
				TARGETED_DEVICE_FAMILY = "1,2";
				TEST_HOST = "$(BUILT_PRODUCTS_DIR)/Flixster.app/$(BUNDLE_EXECUTABLE_FOLDER_PATH)/Flixster";
			};
			name = Debug;
		};
		3C8CBA73298A24B9008AEB08 /* Release */ = {
			isa = XCBuildConfiguration;
			buildSettings = {
				ALWAYS_EMBED_SWIFT_STANDARD_LIBRARIES = YES;
				BUNDLE_LOADER = "$(TEST_HOST)";
				CODE_SIGN_STYLE = Automatic;
				CURRENT_PROJECT_VERSION = 1;
				DEVELOPMENT_TEAM = D6UJZFKHN5;
				GENERATE_INFOPLIST_FILE = YES;
				IPHONEOS_DEPLOYMENT_TARGET = 16.2;
				MARKETING_VERSION = 1.0;
				PRODUCT_BUNDLE_IDENTIFIER = Cadence.FlixsterTests;
				PRODUCT_NAME = "$(TARGET_NAME)";
				SWIFT_EMIT_LOC_STRINGS = NO;
				SWIFT_VERSION = 5.0;
				TARGETED_DEVICE_FAMILY = "1,2";
				TEST_HOST = "$(BUILT_PRODUCTS_DIR)/Flixster.app/$(BUNDLE_EXECUTABLE_FOLDER_PATH)/Flixster";
			};
			name = Release;
		};
		3C8CBA75298A24B9008AEB08 /* Debug */ = {
			isa = XCBuildConfiguration;
			buildSettings = {
				ALWAYS_EMBED_SWIFT_STANDARD_LIBRARIES = YES;
				CODE_SIGN_STYLE = Automatic;
				CURRENT_PROJECT_VERSION = 1;
				DEVELOPMENT_TEAM = D6UJZFKHN5;
				GENERATE_INFOPLIST_FILE = YES;
				MARKETING_VERSION = 1.0;
				PRODUCT_BUNDLE_IDENTIFIER = Cadence.FlixsterUITests;
				PRODUCT_NAME = "$(TARGET_NAME)";
				SWIFT_EMIT_LOC_STRINGS = NO;
				SWIFT_VERSION = 5.0;
				TARGETED_DEVICE_FAMILY = "1,2";
				TEST_TARGET_NAME = Flixster;
			};
			name = Debug;
		};
		3C8CBA76298A24B9008AEB08 /* Release */ = {
			isa = XCBuildConfiguration;
			buildSettings = {
				ALWAYS_EMBED_SWIFT_STANDARD_LIBRARIES = YES;
				CODE_SIGN_STYLE = Automatic;
				CURRENT_PROJECT_VERSION = 1;
				DEVELOPMENT_TEAM = D6UJZFKHN5;
				GENERATE_INFOPLIST_FILE = YES;
				MARKETING_VERSION = 1.0;
				PRODUCT_BUNDLE_IDENTIFIER = Cadence.FlixsterUITests;
				PRODUCT_NAME = "$(TARGET_NAME)";
				SWIFT_EMIT_LOC_STRINGS = NO;
				SWIFT_VERSION = 5.0;
				TARGETED_DEVICE_FAMILY = "1,2";
				TEST_TARGET_NAME = Flixster;
			};
			name = Release;
		};
/* End XCBuildConfiguration section */

/* Begin XCConfigurationList section */
		3C8CBA3F298A24B8008AEB08 /* Build configuration list for PBXProject "Flixster" */ = {
			isa = XCConfigurationList;
			buildConfigurations = (
				3C8CBA6C298A24B9008AEB08 /* Debug */,
				3C8CBA6D298A24B9008AEB08 /* Release */,
			);
			defaultConfigurationIsVisible = 0;
			defaultConfigurationName = Release;
		};
		3C8CBA6E298A24B9008AEB08 /* Build configuration list for PBXNativeTarget "Flixster" */ = {
			isa = XCConfigurationList;
			buildConfigurations = (
				3C8CBA6F298A24B9008AEB08 /* Debug */,
				3C8CBA70298A24B9008AEB08 /* Release */,
			);
			defaultConfigurationIsVisible = 0;
			defaultConfigurationName = Release;
		};
		3C8CBA71298A24B9008AEB08 /* Build configuration list for PBXNativeTarget "FlixsterTests" */ = {
			isa = XCConfigurationList;
			buildConfigurations = (
				3C8CBA72298A24B9008AEB08 /* Debug */,
				3C8CBA73298A24B9008AEB08 /* Release */,
			);
			defaultConfigurationIsVisible = 0;
			defaultConfigurationName = Release;
		};
		3C8CBA74298A24B9008AEB08 /* Build configuration list for PBXNativeTarget "FlixsterUITests" */ = {
			isa = XCConfigurationList;
			buildConfigurations = (
				3C8CBA75298A24B9008AEB08 /* Debug */,
				3C8CBA76298A24B9008AEB08 /* Release */,
			);
			defaultConfigurationIsVisible = 0;
			defaultConfigurationName = Release;
		};
/* End XCConfigurationList section */

/* Begin XCRemoteSwiftPackageReference section */
		3C8DEADA298B280C000DCEB6 /* XCRemoteSwiftPackageReference "Nuke" */ = {
			isa = XCRemoteSwiftPackageReference;
			repositoryURL = "https://github.com/kean/Nuke.git";
			requirement = {
				kind = upToNextMajorVersion;
				minimumVersion = 9.0.0;
			};
		};
/* End XCRemoteSwiftPackageReference section */

/* Begin XCSwiftPackageProductDependency section */
		3C8DEADB298B280C000DCEB6 /* Nuke */ = {
			isa = XCSwiftPackageProductDependency;
			package = 3C8DEADA298B280C000DCEB6 /* XCRemoteSwiftPackageReference "Nuke" */;
			productName = Nuke;
		};
/* End XCSwiftPackageProductDependency section */
	};
	rootObject = 3C8CBA3C298A24B8008AEB08 /* Project object */;
}
